
Microsoft Visual Studio Solution File, Format Version 11.00
# Visual Studio 2010
Project("{FAE04EC0-301F-11D3-BF4B-00C04F79EFBC}") = "studentfeemanagmentsystem", "studentfeemanagmentsystem\studentfeemanagmentsystem.csproj", "{BFE5AB22-A59D-48EE-94EC-A6980498F5FE}"
EndProject
Global
	GlobalSection(SolutionConfigurationPlatforms) = preSolution
		Debug|x86 = Debug|x86
		Release|x86 = Release|x86
	EndGlobalSection
	GlobalSection(ProjectConfigurationPlatforms) = postSolution
		{BFE5AB22-A59D-48EE-94EC-A6980498F5FE}.Debug|x86.ActiveCfg = Debug|x86
		{BFE5AB22-A59D-48EE-94EC-A6980498F5FE}.Debug|x86.Build.0 = Debug|x86
		{BFE5AB22-A59D-48EE-94EC-A6980498F5FE}.Release|x86.ActiveCfg = Release|x86
		{BFE5AB22-A59D-48EE-94EC-A6980498F5FE}.Release|x86.Build.0 = Release|x86
	EndGlobalSection
	GlobalSection(SolutionProperties) = preSolution
		HideSolutionNode = FALSE
	EndGlobalSection
EndGlobal
